
Microsoft Visual Studio Solution File, Format Version 12.00
# Visual Studio 15
VisualStudioVersion = 15.0.27428.1
MinimumVisualStudioVersion = 10.0.40219.1
Project("{FAE04EC0-301F-11D3-BF4B-00C04F79EFBC}") = "Prog4", "Prog4\Prog4.csproj", "{70C6A423-2313-457F-B782-1D0F4B46B029}"
EndProject
Global
	GlobalSection(SolutionConfigurationPlatforms) = preSolution
		Debug|Any CPU = Debug|Any CPU
		Release|Any CPU = Release|Any CPU
	EndGlobalSection
	GlobalSection(ProjectConfigurationPlatforms) = postSolution
		{70C6A423-2313-457F-B782-1D0F4B46B029}.Debug|Any CPU.ActiveCfg = Debug|Any CPU
		{70C6A423-2313-457F-B782-1D0F4B46B029}.Debug|Any CPU.Build.0 = Debug|Any CPU
		{70C6A423-2313-457F-B782-1D0F4B46B029}.Release|Any CPU.ActiveCfg = Release|Any CPU
		{70C6A423-2313-457F-B782-1D0F4B46B029}.Release|Any CPU.Build.0 = Release|Any CPU
	EndGlobalSection
	GlobalSection(SolutionProperties) = preSolution
		HideSolutionNode = FALSE
	EndGlobalSection
	GlobalSection(ExtensibilityGlobals) = postSolution
		SolutionGuid = {4060F090-2D98-4125-A216-FFB5CBECE90F}
	EndGlobalSection
EndGlobal
